
Microsoft Visual Studio Solution File, Format Version 12.00
# Visual Studio Version 16
VisualStudioVersion = 16.0.31005.135
MinimumVisualStudioVersion = 10.0.40219.1
Project("{FAE04EC0-301F-11D3-BF4B-00C04F79EFBC}") = "Gifter", "Gifter\Gifter.csproj", "{392081EE-8670-4405-9A84-06600D8BDE90}"
EndProject
Global
	GlobalSection(SolutionConfigurationPlatforms) = preSolution
		Debug|Any CPU = Debug|Any CPU
		Release|Any CPU = Release|Any CPU
	EndGlobalSection
	GlobalSection(ProjectConfigurationPlatforms) = postSolution
		{392081EE-8670-4405-9A84-06600D8BDE90}.Debug|Any CPU.ActiveCfg = Debug|Any CPU
		{392081EE-8670-4405-9A84-06600D8BDE90}.Debug|Any CPU.Build.0 = Debug|Any CPU
		{392081EE-8670-4405-9A84-06600D8BDE90}.Release|Any CPU.ActiveCfg = Release|Any CPU
		{392081EE-8670-4405-9A84-06600D8BDE90}.Release|Any CPU.Build.0 = Release|Any CPU
	EndGlobalSection
	GlobalSection(SolutionProperties) = preSolution
		HideSolutionNode = FALSE
	EndGlobalSection
	GlobalSection(ExtensibilityGlobals) = postSolution
		SolutionGuid = {832965D0-46A3-4EE5-999E-577E1353C1D0}
	EndGlobalSection
EndGlobal
